{
  "name": "plny",
  "version": "1.0.6",
  "lockfileVersion": 1,
  "requires": true,
  "dependencies": {
    "number-currency-format": {
      "version": "0.9.0",
      "resolved": "https://registry.npmjs.org/number-currency-format/-/number-currency-format-0.9.0.tgz",
      "integrity": "sha512-6Zlrk3evuazL2VWdTlTUdY3X6e9oFwcxsnB5WowGd9Ty96yN79iDQRE0Yl5e6SCKhPiZON419oVe5TvOkRwcIg=="
    }
  }
}
